# THIS IS AN AUTOGENERATED FILE. DO NOT EDIT THIS FILE DIRECTLY.
# yarn lockfile v1


ws@^8.2.0:
  version "8.2.0"
  resolved "https://registry.nlark.com/ws/download/ws-8.2.0.tgz?cache=0&other_urls=https%3A%2F%2Fregistry.nlark.com%2Fws%2Fdownload%2Fws-8.2.0.tgz#0b738cd484bfc9303421914b11bb4011e07615bb"
  integrity sha1-C3OM1IS/yTA0IZFLEbtAEeB2Fbs=
